// !$*UTF8*$!
{
	archiveVersion = 1;
	classes = {
	};
	objectVersion = 51;
	objects = {

/* Begin PBXBuildFile section */
		164B9F2D43AC155C4B08436B /* Pods_SimpleApp.framework in Frameworks */ = {isa = PBXBuildFile; fileRef = B422B308BB636FFB10986263 /* Pods_SimpleApp.framework */; };
		7581B2036D770850431E2C98 /* Pods_SimpleAppTests.framework in Frameworks */ = {isa = PBXBuildFile; fileRef = F25772ED44C618CBF70936D0 /* Pods_SimpleAppTests.framework */; };
		9E9222ADE6F792CA8576573F /* Pods_SimpleApp_SimpleAppUITests.framework in Frameworks */ = {isa = PBXBuildFile; fileRef = 885277CA1E40C5A795E1E447 /* Pods_SimpleApp_SimpleAppUITests.framework */; };
		B5BC97A124A9805B002D01B9 /* AppDelegate.swift in Sources */ = {isa = PBXBuildFile; fileRef = B5BC97A024A9805B002D01B9 /* AppDelegate.swift */; };
		B5BC97A324A9805B002D01B9 /* SceneDelegate.swift in Sources */ = {isa = PBXBuildFile; fileRef = B5BC97A224A9805B002D01B9 /* SceneDelegate.swift */; };
		B5BC97A524A9805B002D01B9 /* LoginViewController.swift in Sources */ = {isa = PBXBuildFile; fileRef = B5BC97A424A9805B002D01B9 /* LoginViewController.swift */; };
		B5BC97A824A9805B002D01B9 /* Main.storyboard in Resources */ = {isa = PBXBuildFile; fileRef = B5BC97A624A9805B002D01B9 /* Main.storyboard */; };
		B5BC97AA24A9805C002D01B9 /* Assets.xcassets in Resources */ = {isa = PBXBuildFile; fileRef = B5BC97A924A9805C002D01B9 /* Assets.xcassets */; };
		B5BC97AD24A9805C002D01B9 /* LaunchScreen.storyboard in Resources */ = {isa = PBXBuildFile; fileRef = B5BC97AB24A9805C002D01B9 /* LaunchScreen.storyboard */; };
		B5BC97B824A9805D002D01B9 /* SimpleAppTests.swift in Sources */ = {isa = PBXBuildFile; fileRef = B5BC97B724A9805D002D01B9 /* SimpleAppTests.swift */; };
		B5BC97C324A9805D002D01B9 /* SimpleAppUITests.swift in Sources */ = {isa = PBXBuildFile; fileRef = B5BC97C224A9805D002D01B9 /* SimpleAppUITests.swift */; };
		B5BC97D124A9839F002D01B9 /* GoogleService-Info.plist in Resources */ = {isa = PBXBuildFile; fileRef = B5BC97D024A9839F002D01B9 /* GoogleService-Info.plist */; };
		B5F079E424E969CC004BCAD6 /* SignUpViewController.swift in Sources */ = {isa = PBXBuildFile; fileRef = B5F079E324E969CC004BCAD6 /* SignUpViewController.swift */; };
/* End PBXBuildFile section */

/* Begin PBXContainerItemProxy section */
		B5BC97B424A9805D002D01B9 /* PBXContainerItemProxy */ = {
			isa = PBXContainerItemProxy;
			containerPortal = B5BC979524A9805B002D01B9 /* Project object */;
			proxyType = 1;
			remoteGlobalIDString = B5BC979C24A9805B002D01B9;
			remoteInfo = SimpleApp;
		};
		B5BC97BF24A9805D002D01B9 /* PBXContainerItemProxy */ = {
			isa = PBXContainerItemProxy;
			containerPortal = B5BC979524A9805B002D01B9 /* Project object */;
			proxyType = 1;
			remoteGlobalIDString = B5BC979C24A9805B002D01B9;
			remoteInfo = SimpleApp;
		};
/* End PBXContainerItemProxy section */

/* Begin PBXFileReference section */
		0B2534BCB8DB880992770CA1 /* Pods-SimpleApp-SimpleAppUITests.debug.xcconfig */ = {isa = PBXFileReference; includeInIndex = 1; lastKnownFileType = text.xcconfig; name = "Pods-SimpleApp-SimpleAppUITests.debug.xcconfig"; path = "Target Support Files/Pods-SimpleApp-SimpleAppUITests/Pods-SimpleApp-SimpleAppUITests.debug.xcconfig"; sourceTree = "<group>"; };
		1408FD2CB52A7673254012C1 /* Pods-SimpleApp.release.xcconfig */ = {isa = PBXFileReference; includeInIndex = 1; lastKnownFileType = text.xcconfig; name = "Pods-SimpleApp.release.xcconfig"; path = "Target Support Files/Pods-SimpleApp/Pods-SimpleApp.release.xcconfig"; sourceTree = "<group>"; };
		7DA17913925607B0C17709FA /* Pods-SimpleApp-SimpleAppUITests.release.xcconfig */ = {isa = PBXFileReference; includeInIndex = 1; lastKnownFileType = text.xcconfig; name = "Pods-SimpleApp-SimpleAppUITests.release.xcconfig"; path = "Target Support Files/Pods-SimpleApp-SimpleAppUITests/Pods-SimpleApp-SimpleAppUITests.release.xcconfig"; sourceTree = "<group>"; };
		885277CA1E40C5A795E1E447 /* Pods_SimpleApp_SimpleAppUITests.framework */ = {isa = PBXFileReference; explicitFileType = wrapper.framework; includeInIndex = 0; path = Pods_SimpleApp_SimpleAppUITests.framework; sourceTree = BUILT_PRODUCTS_DIR; };
		8A8E04CF1E3F1E2893BE2161 /* Pods-SimpleAppTests.release.xcconfig */ = {isa = PBXFileReference; includeInIndex = 1; lastKnownFileType = text.xcconfig; name = "Pods-SimpleAppTests.release.xcconfig"; path = "Target Support Files/Pods-SimpleAppTests/Pods-SimpleAppTests.release.xcconfig"; sourceTree = "<group>"; };
		8DE39A1D6BCA1445297D0E99 /* Pods-SimpleApp.debug.xcconfig */ = {isa = PBXFileReference; includeInIndex = 1; lastKnownFileType = text.xcconfig; name = "Pods-SimpleApp.debug.xcconfig"; path = "Target Support Files/Pods-SimpleApp/Pods-SimpleApp.debug.xcconfig"; sourceTree = "<group>"; };
		A8F72F5786FA1178521FA572 /* Pods-SimpleAppTests.debug.xcconfig */ = {isa = PBXFileReference; includeInIndex = 1; lastKnownFileType = text.xcconfig; name = "Pods-SimpleAppTests.debug.xcconfig"; path = "Target Support Files/Pods-SimpleAppTests/Pods-SimpleAppTests.debug.xcconfig"; sourceTree = "<group>"; };
		B422B308BB636FFB10986263 /* Pods_SimpleApp.framework */ = {isa = PBXFileReference; explicitFileType = wrapper.framework; includeInIndex = 0; path = Pods_SimpleApp.framework; sourceTree = BUILT_PRODUCTS_DIR; };
		B5BC979D24A9805B002D01B9 /* SimpleApp.app */ = {isa = PBXFileReference; explicitFileType = wrapper.application; includeInIndex = 0; path = SimpleApp.app; sourceTree = BUILT_PRODUCTS_DIR; };
		B5BC97A024A9805B002D01B9 /* AppDelegate.swift */ = {isa = PBXFileReference; lastKnownFileType = sourcecode.swift; path = AppDelegate.swift; sourceTree = "<group>"; };
		B5BC97A224A9805B002D01B9 /* SceneDelegate.swift */ = {isa = PBXFileReference; lastKnownFileType = sourcecode.swift; path = SceneDelegate.swift; sourceTree = "<group>"; };
		B5BC97A424A9805B002D01B9 /* LoginViewController.swift */ = {isa = PBXFileReference; lastKnownFileType = sourcecode.swift; path = LoginViewController.swift; sourceTree = "<group>"; };
		B5BC97A724A9805B002D01B9 /* Base */ = {isa = PBXFileReference; lastKnownFileType = file.storyboard; name = Base; path = Base.lproj/Main.storyboard; sourceTree = "<group>"; };
		B5BC97A924A9805C002D01B9 /* Assets.xcassets */ = {isa = PBXFileReference; lastKnownFileType = folder.assetcatalog; path = Assets.xcassets; sourceTree = "<group>"; };
		B5BC97AC24A9805C002D01B9 /* Base */ = {isa = PBXFileReference; lastKnownFileType = file.storyboard; name = Base; path = Base.lproj/LaunchScreen.storyboard; sourceTree = "<group>"; };
		B5BC97AE24A9805C002D01B9 /* Info.plist */ = {isa = PBXFileReference; lastKnownFileType = text.plist.xml; path = Info.plist; sourceTree = "<group>"; };
		B5BC97B324A9805D002D01B9 /* SimpleAppTests.xctest */ = {isa = PBXFileReference; explicitFileType = wrapper.cfbundle; includeInIndex = 0; path = SimpleAppTests.xctest; sourceTree = BUILT_PRODUCTS_DIR; };
		B5BC97B724A9805D002D01B9 /* SimpleAppTests.swift */ = {isa = PBXFileReference; lastKnownFileType = sourcecode.swift; path = SimpleAppTests.swift; sourceTree = "<group>"; };
		B5BC97B924A9805D002D01B9 /* Info.plist */ = {isa = PBXFileReference; lastKnownFileType = text.plist.xml; path = Info.plist; sourceTree = "<group>"; };
		B5BC97BE24A9805D002D01B9 /* SimpleAppUITests.xctest */ = {isa = PBXFileReference; explicitFileType = wrapper.cfbundle; includeInIndex = 0; path = SimpleAppUITests.xctest; sourceTree = BUILT_PRODUCTS_DIR; };
		B5BC97C224A9805D002D01B9 /* SimpleAppUITests.swift */ = {isa = PBXFileReference; lastKnownFileType = sourcecode.swift; path = SimpleAppUITests.swift; sourceTree = "<group>"; };
		B5BC97C424A9805D002D01B9 /* Info.plist */ = {isa = PBXFileReference; lastKnownFileType = text.plist.xml; path = Info.plist; sourceTree = "<group>"; };
		B5BC97D024A9839F002D01B9 /* GoogleService-Info.plist */ = {isa = PBXFileReference; fileEncoding = 4; lastKnownFileType = text.plist.xml; path = "GoogleService-Info.plist"; sourceTree = "<group>"; };
		B5F079E324E969CC004BCAD6 /* SignUpViewController.swift */ = {isa = PBXFileReference; lastKnownFileType = sourcecode.swift; path = SignUpViewController.swift; sourceTree = "<group>"; };
		F25772ED44C618CBF70936D0 /* Pods_SimpleAppTests.framework */ = {isa = PBXFileReference; explicitFileType = wrapper.framework; includeInIndex = 0; path = Pods_SimpleAppTests.framework; sourceTree = BUILT_PRODUCTS_DIR; };
/* End PBXFileReference section */

/* Begin PBXFrameworksBuildPhase section */
		B5BC979A24A9805B002D01B9 /* Frameworks */ = {
			isa = PBXFrameworksBuildPhase;
			buildActionMask = 2147483647;
			files = (
				164B9F2D43AC155C4B08436B /* Pods_SimpleApp.framework in Frameworks */,
			);
			runOnlyForDeploymentPostprocessing = 0;
		};
		B5BC97B024A9805D002D01B9 /* Frameworks */ = {
			isa = PBXFrameworksBuildPhase;
			buildActionMask = 2147483647;
			files = (
				7581B2036D770850431E2C98 /* Pods_SimpleAppTests.framework in Frameworks */,
			);
			runOnlyForDeploymentPostprocessing = 0;
		};
		B5BC97BB24A9805D002D01B9 /* Frameworks */ = {
			isa = PBXFrameworksBuildPhase;
			buildActionMask = 2147483647;
			files = (
				9E9222ADE6F792CA8576573F /* Pods_SimpleApp_SimpleAppUITests.framework in Frameworks */,
			);
			runOnlyForDeploymentPostprocessing = 0;
		};
/* End PBXFrameworksBuildPhase section */

/* Begin PBXGroup section */
		7609478502F1D40239F339EE /* Pods */ = {
			isa = PBXGroup;
			children = (
				8DE39A1D6BCA1445297D0E99 /* Pods-SimpleApp.debug.xcconfig */,
				1408FD2CB52A7673254012C1 /* Pods-SimpleApp.release.xcconfig */,
				0B2534BCB8DB880992770CA1 /* Pods-SimpleApp-SimpleAppUITests.debug.xcconfig */,
				7DA17913925607B0C17709FA /* Pods-SimpleApp-SimpleAppUITests.release.xcconfig */,
				A8F72F5786FA1178521FA572 /* Pods-SimpleAppTests.debug.xcconfig */,
				8A8E04CF1E3F1E2893BE2161 /* Pods-SimpleAppTests.release.xcconfig */,
			);
			path = Pods;
			sourceTree = "<group>";
		};
		B5BC979424A9805B002D01B9 = {
			isa = PBXGroup;
			children = (
				B5BC979F24A9805B002D01B9 /* SimpleApp */,
				B5BC97B624A9805D002D01B9 /* SimpleAppTests */,
				B5BC97C124A9805D002D01B9 /* SimpleAppUITests */,
				B5BC979E24A9805B002D01B9 /* Products */,
				7609478502F1D40239F339EE /* Pods */,
				F6F5ADC93126E6404A967374 /* Frameworks */,
			);
			sourceTree = "<group>";
		};
		B5BC979E24A9805B002D01B9 /* Products */ = {
			isa = PBXGroup;
			children = (
				B5BC979D24A9805B002D01B9 /* SimpleApp.app */,
				B5BC97B324A9805D002D01B9 /* SimpleAppTests.xctest */,
				B5BC97BE24A9805D002D01B9 /* SimpleAppUITests.xctest */,
			);
			name = Products;
			sourceTree = "<group>";
		};
		B5BC979F24A9805B002D01B9 /* SimpleApp */ = {
			isa = PBXGroup;
			children = (
				B5BC97A024A9805B002D01B9 /* AppDelegate.swift */,
				B5BC97A224A9805B002D01B9 /* SceneDelegate.swift */,
				B5BC97A424A9805B002D01B9 /* LoginViewController.swift */,
				B5BC97A624A9805B002D01B9 /* Main.storyboard */,
				B5BC97A924A9805C002D01B9 /* Assets.xcassets */,
				B5BC97AB24A9805C002D01B9 /* LaunchScreen.storyboard */,
				B5BC97D024A9839F002D01B9 /* GoogleService-Info.plist */,
				B5BC97AE24A9805C002D01B9 /* Info.plist */,
				B5F079E324E969CC004BCAD6 /* SignUpViewController.swift */,
			);
			path = SimpleApp;
			sourceTree = "<group>";
		};
		B5BC97B624A9805D002D01B9 /* SimpleAppTests */ = {
			isa = PBXGroup;
			children = (
				B5BC97B724A9805D002D01B9 /* SimpleAppTests.swift */,
				B5BC97B924A9805D002D01B9 /* Info.plist */,
			);
			path = SimpleAppTests;
			sourceTree = "<group>";
		};
		B5BC97C124A9805D002D01B9 /* SimpleAppUITests */ = {
			isa = PBXGroup;
			children = (
				B5BC97C224A9805D002D01B9 /* SimpleAppUITests.swift */,
				B5BC97C424A9805D002D01B9 /* Info.plist */,
			);
			path = SimpleAppUITests;
			sourceTree = "<group>";
		};
		F6F5ADC93126E6404A967374 /* Frameworks */ = {
			isa = PBXGroup;
			children = (
				B422B308BB636FFB10986263 /* Pods_SimpleApp.framework */,
				885277CA1E40C5A795E1E447 /* Pods_SimpleApp_SimpleAppUITests.framework */,
				F25772ED44C618CBF70936D0 /* Pods_SimpleAppTests.framework */,
			);
			name = Frameworks;
			sourceTree = "<group>";
		};
/* End PBXGroup section */

/* Begin PBXNativeTarget section */
		B5BC979C24A9805B002D01B9 /* SimpleApp */ = {
			isa = PBXNativeTarget;
			buildConfigurationList = B5BC97C724A9805D002D01B9 /* Build configuration list for PBXNativeTarget "SimpleApp" */;
			buildPhases = (
				7152EA02A4F71247110F6828 /* [CP] Check Pods Manifest.lock */,
				B5BC979924A9805B002D01B9 /* Sources */,
				B5BC979A24A9805B002D01B9 /* Frameworks */,
				B5BC979B24A9805B002D01B9 /* Resources */,
				30E3366F8D5F23D18E957171 /* [CP] Embed Pods Frameworks */,
			);
			buildRules = (
			);
			dependencies = (
			);
			name = SimpleApp;
			productName = SimpleApp;
			productReference = B5BC979D24A9805B002D01B9 /* SimpleApp.app */;
			productType = "com.apple.product-type.application";
		};
		B5BC97B224A9805D002D01B9 /* SimpleAppTests */ = {
			isa = PBXNativeTarget;
			buildConfigurationList = B5BC97CA24A9805D002D01B9 /* Build configuration list for PBXNativeTarget "SimpleAppTests" */;
			buildPhases = (
				9FDA0432A853400AE3443CE9 /* [CP] Check Pods Manifest.lock */,
				B5BC97AF24A9805D002D01B9 /* Sources */,
				B5BC97B024A9805D002D01B9 /* Frameworks */,
				B5BC97B124A9805D002D01B9 /* Resources */,
			);
			buildRules = (
			);
			dependencies = (
				B5BC97B524A9805D002D01B9 /* PBXTargetDependency */,
			);
			name = SimpleAppTests;
			productName = SimpleAppTests;
			productReference = B5BC97B324A9805D002D01B9 /* SimpleAppTests.xctest */;
			productType = "com.apple.product-type.bundle.unit-test";
		};
		B5BC97BD24A9805D002D01B9 /* SimpleAppUITests */ = {
			isa = PBXNativeTarget;
			buildConfigurationList = B5BC97CD24A9805D002D01B9 /* Build configuration list for PBXNativeTarget "SimpleAppUITests" */;
			buildPhases = (
				DD4D7FE06E113BAEA72B637E /* [CP] Check Pods Manifest.lock */,
				B5BC97BA24A9805D002D01B9 /* Sources */,
				B5BC97BB24A9805D002D01B9 /* Frameworks */,
				B5BC97BC24A9805D002D01B9 /* Resources */,
				8543D0D8BCE55768E3DFADDB /* [CP] Embed Pods Frameworks */,
			);
			buildRules = (
			);
			dependencies = (
				B5BC97C024A9805D002D01B9 /* PBXTargetDependency */,
			);
			name = SimpleAppUITests;
			productName = SimpleAppUITests;
			productReference = B5BC97BE24A9805D002D01B9 /* SimpleAppUITests.xctest */;
			productType = "com.apple.product-type.bundle.ui-testing";
		};
/* End PBXNativeTarget section */

/* Begin PBXProject section */
		B5BC979524A9805B002D01B9 /* Project object */ = {
			isa = PBXProject;
			attributes = {
				LastSwiftUpdateCheck = 1130;
				LastUpgradeCheck = 1130;
				ORGANIZATIONNAME = "이민재";
				TargetAttributes = {
					B5BC979C24A9805B002D01B9 = {
						CreatedOnToolsVersion = 11.3.1;
					};
					B5BC97B224A9805D002D01B9 = {
						CreatedOnToolsVersion = 11.3.1;
						TestTargetID = B5BC979C24A9805B002D01B9;
					};
					B5BC97BD24A9805D002D01B9 = {
						CreatedOnToolsVersion = 11.3.1;
						TestTargetID = B5BC979C24A9805B002D01B9;
					};
				};
			};
			buildConfigurationList = B5BC979824A9805B002D01B9 /* Build configuration list for PBXProject "SimpleApp" */;
			compatibilityVersion = "Xcode 9.3";
			developmentRegion = en;
			hasScannedForEncodings = 0;
			knownRegions = (
				en,
				Base,
			);
			mainGroup = B5BC979424A9805B002D01B9;
			productRefGroup = B5BC979E24A9805B002D01B9 /* Products */;
			projectDirPath = "";
			projectRoot = "";
			targets = (
				B5BC979C24A9805B002D01B9 /* SimpleApp */,
				B5BC97B224A9805D002D01B9 /* SimpleAppTests */,
				B5BC97BD24A9805D002D01B9 /* SimpleAppUITests */,
			);
		};
/* End PBXProject section */

/* Begin PBXResourcesBuildPhase section */
		B5BC979B24A9805B002D01B9 /* Resources */ = {
			isa = PBXResourcesBuildPhase;
			buildActionMask = 2147483647;
			files = (
				B5BC97D124A9839F002D01B9 /* GoogleService-Info.plist in Resources */,
				B5BC97AD24A9805C002D01B9 /* LaunchScreen.storyboard in Resources */,
				B5BC97AA24A9805C002D01B9 /* Assets.xcassets in Resources */,
				B5BC97A824A9805B002D01B9 /* Main.storyboard in Resources */,
			);
			runOnlyForDeploymentPostprocessing = 0;
		};
		B5BC97B124A9805D002D01B9 /* Resources */ = {
			isa = PBXResourcesBuildPhase;
			buildActionMask = 2147483647;
			files = (
			);
			runOnlyForDeploymentPostprocessing = 0;
		};
		B5BC97BC24A9805D002D01B9 /* Resources */ = {
			isa = PBXResourcesBuildPhase;
			buildActionMask = 2147483647;
			files = (
			);
			runOnlyForDeploymentPostprocessing = 0;
		};
/* End PBXResourcesBuildPhase section */

/* Begin PBXShellScriptBuildPhase section */
		30E3366F8D5F23D18E957171 /* [CP] Embed Pods Frameworks */ = {
			isa = PBXShellScriptBuildPhase;
			buildActionMask = 2147483647;
			files = (
			);
			inputFileListPaths = (
				"${PODS_ROOT}/Target Support Files/Pods-SimpleApp/Pods-SimpleApp-frameworks-${CONFIGURATION}-input-files.xcfilelist",
			);
			name = "[CP] Embed Pods Frameworks";
			outputFileListPaths = (
				"${PODS_ROOT}/Target Support Files/Pods-SimpleApp/Pods-SimpleApp-frameworks-${CONFIGURATION}-output-files.xcfilelist",
			);
			runOnlyForDeploymentPostprocessing = 0;
			shellPath = /bin/sh;
			shellScript = "\"${PODS_ROOT}/Target Support Files/Pods-SimpleApp/Pods-SimpleApp-frameworks.sh\"\n";
			showEnvVarsInLog = 0;
		};
		7152EA02A4F71247110F6828 /* [CP] Check Pods Manifest.lock */ = {
			isa = PBXShellScriptBuildPhase;
			buildActionMask = 2147483647;
			files = (
			);
			inputFileListPaths = (
			);
			inputPaths = (
				"${PODS_PODFILE_DIR_PATH}/Podfile.lock",
				"${PODS_ROOT}/Manifest.lock",
			);
			name = "[CP] Check Pods Manifest.lock";
			outputFileListPaths = (
			);
			outputPaths = (
				"$(DERIVED_FILE_DIR)/Pods-SimpleApp-checkManifestLockResult.txt",
			);
			runOnlyForDeploymentPostprocessing = 0;
			shellPath = /bin/sh;
			shellScript = "diff \"${PODS_PODFILE_DIR_PATH}/Podfile.lock\" \"${PODS_ROOT}/Manifest.lock\" > /dev/null\nif [ $? != 0 ] ; then\n    # print error to STDERR\n    echo \"error: The sandbox is not in sync with the Podfile.lock. Run 'pod install' or update your CocoaPods installation.\" >&2\n    exit 1\nfi\n# This output is used by Xcode 'outputs' to avoid re-running this script phase.\necho \"SUCCESS\" > \"${SCRIPT_OUTPUT_FILE_0}\"\n";
			showEnvVarsInLog = 0;
		};
		8543D0D8BCE55768E3DFADDB /* [CP] Embed Pods Frameworks */ = {
			isa = PBXShellScriptBuildPhase;
			buildActionMask = 2147483647;
			files = (
			);
			inputFileListPaths = (
				"${PODS_ROOT}/Target Support Files/Pods-SimpleApp-SimpleAppUITests/Pods-SimpleApp-SimpleAppUITests-frameworks-${CONFIGURATION}-input-files.xcfilelist",
			);
			name = "[CP] Embed Pods Frameworks";
			outputFileListPaths = (
				"${PODS_ROOT}/Target Support Files/Pods-SimpleApp-SimpleAppUITests/Pods-SimpleApp-SimpleAppUITests-frameworks-${CONFIGURATION}-output-files.xcfilelist",
			);
			runOnlyForDeploymentPostprocessing = 0;
			shellPath = /bin/sh;
			shellScript = "\"${PODS_ROOT}/Target Support Files/Pods-SimpleApp-SimpleAppUITests/Pods-SimpleApp-SimpleAppUITests-frameworks.sh\"\n";
			showEnvVarsInLog = 0;
		};
		9FDA0432A853400AE3443CE9 /* [CP] Check Pods Manifest.lock */ = {
			isa = PBXShellScriptBuildPhase;
			buildActionMask = 2147483647;
			files = (
			);
			inputFileListPaths = (
			);
			inputPaths = (
				"${PODS_PODFILE_DIR_PATH}/Podfile.lock",
				"${PODS_ROOT}/Manifest.lock",
			);
			name = "[CP] Check Pods Manifest.lock";
			outputFileListPaths = (
			);
			outputPaths = (
				"$(DERIVED_FILE_DIR)/Pods-SimpleAppTests-checkManifestLockResult.txt",
			);
			runOnlyForDeploymentPostprocessing = 0;
			shellPath = /bin/sh;
			shellScript = "diff \"${PODS_PODFILE_DIR_PATH}/Podfile.lock\" \"${PODS_ROOT}/Manifest.lock\" > /dev/null\nif [ $? != 0 ] ; then\n    # print error to STDERR\n    echo \"error: The sandbox is not in sync with the Podfile.lock. Run 'pod install' or update your CocoaPods installation.\" >&2\n    exit 1\nfi\n# This output is used by Xcode 'outputs' to avoid re-running this script phase.\necho \"SUCCESS\" > \"${SCRIPT_OUTPUT_FILE_0}\"\n";
			showEnvVarsInLog = 0;
		};
		DD4D7FE06E113BAEA72B637E /* [CP] Check Pods Manifest.lock */ = {
			isa = PBXShellScriptBuildPhase;
			buildActionMask = 2147483647;
			files = (
			);
			inputFileListPaths = (
			);
			inputPaths = (
				"${PODS_PODFILE_DIR_PATH}/Podfile.lock",
				"${PODS_ROOT}/Manifest.lock",
			);
			name = "[CP] Check Pods Manifest.lock";
			outputFileListPaths = (
			);
			outputPaths = (
				"$(DERIVED_FILE_DIR)/Pods-SimpleApp-SimpleAppUITests-checkManifestLockResult.txt",
			);
			runOnlyForDeploymentPostprocessing = 0;
			shellPath = /bin/sh;
			shellScript = "diff \"${PODS_PODFILE_DIR_PATH}/Podfile.lock\" \"${PODS_ROOT}/Manifest.lock\" > /dev/null\nif [ $? != 0 ] ; then\n    # print error to STDERR\n    echo \"error: The sandbox is not in sync with the Podfile.lock. Run 'pod install' or update your CocoaPods installation.\" >&2\n    exit 1\nfi\n# This output is used by Xcode 'outputs' to avoid re-running this script phase.\necho \"SUCCESS\" > \"${SCRIPT_OUTPUT_FILE_0}\"\n";
			showEnvVarsInLog = 0;
		};
/* End PBXShellScriptBuildPhase section */

/* Begin PBXSourcesBuildPhase section */
		B5BC979924A9805B002D01B9 /* Sources */ = {
			isa = PBXSourcesBuildPhase;
			buildActionMask = 2147483647;
			files = (
				B5BC97A524A9805B002D01B9 /* LoginViewController.swift in Sources */,
				B5BC97A124A9805B002D01B9 /* AppDelegate.swift in Sources */,
				B5F079E424E969CC004BCAD6 /* SignUpViewController.swift in Sources */,
				B5BC97A324A9805B002D01B9 /* SceneDelegate.swift in Sources */,
			);
			runOnlyForDeploymentPostprocessing = 0;
		};
		B5BC97AF24A9805D002D01B9 /* Sources */ = {
			isa = PBXSourcesBuildPhase;
			buildActionMask = 2147483647;
			files = (
				B5BC97B824A9805D002D01B9 /* SimpleAppTests.swift in Sources */,
			);
			runOnlyForDeploymentPostprocessing = 0;
		};
		B5BC97BA24A9805D002D01B9 /* Sources */ = {
			isa = PBXSourcesBuildPhase;
			buildActionMask = 2147483647;
			files = (
				B5BC97C324A9805D002D01B9 /* SimpleAppUITests.swift in Sources */,
			);
			runOnlyForDeploymentPostprocessing = 0;
		};
/* End PBXSourcesBuildPhase section */

/* Begin PBXTargetDependency section */
		B5BC97B524A9805D002D01B9 /* PBXTargetDependency */ = {
			isa = PBXTargetDependency;
			target = B5BC979C24A9805B002D01B9 /* SimpleApp */;
			targetProxy = B5BC97B424A9805D002D01B9 /* PBXContainerItemProxy */;
		};
		B5BC97C024A9805D002D01B9 /* PBXTargetDependency */ = {
			isa = PBXTargetDependency;
			target = B5BC979C24A9805B002D01B9 /* SimpleApp */;
			targetProxy = B5BC97BF24A9805D002D01B9 /* PBXContainerItemProxy */;
		};
/* End PBXTargetDependency section */

/* Begin PBXVariantGroup section */
		B5BC97A624A9805B002D01B9 /* Main.storyboard */ = {
			isa = PBXVariantGroup;
			children = (
				B5BC97A724A9805B002D01B9 /* Base */,
			);
			name = Main.storyboard;
			sourceTree = "<group>";
		};
		B5BC97AB24A9805C002D01B9 /* LaunchScreen.storyboard */ = {
			isa = PBXVariantGroup;
			children = (
				B5BC97AC24A9805C002D01B9 /* Base */,
			);
			name = LaunchScreen.storyboard;
			sourceTree = "<group>";
		};
/* End PBXVariantGroup section */

/* Begin XCBuildConfiguration section */
		B5BC97C524A9805D002D01B9 /* Debug */ = {
			isa = XCBuildConfiguration;
			buildSettings = {
				ALWAYS_SEARCH_USER_PATHS = NO;
				CLANG_ANALYZER_NONNULL = YES;
				CLANG_ANALYZER_NUMBER_OBJECT_CONVERSION = YES_AGGRESSIVE;
				CLANG_CXX_LANGUAGE_STANDARD = "gnu++14";
				CLANG_CXX_LIBRARY = "libc++";
				CLANG_ENABLE_MODULES = YES;
				CLANG_ENABLE_OBJC_ARC = YES;
				CLANG_ENABLE_OBJC_WEAK = YES;
				CLANG_WARN_BLOCK_CAPTURE_AUTORELEASING = YES;
				CLANG_WARN_BOOL_CONVERSION = YES;
				CLANG_WARN_COMMA = YES;
				CLANG_WARN_CONSTANT_CONVERSION = YES;
				CLANG_WARN_DEPRECATED_OBJC_IMPLEMENTATIONS = YES;
				CLANG_WARN_DIRECT_OBJC_ISA_USAGE = YES_ERROR;
				CLANG_WARN_DOCUMENTATION_COMMENTS = YES;
				CLANG_WARN_EMPTY_BODY = YES;
				CLANG_WARN_ENUM_CONVERSION = YES;
				CLANG_WARN_INFINITE_RECURSION = YES;
				CLANG_WARN_INT_CONVERSION = YES;
				CLANG_WARN_NON_LITERAL_NULL_CONVERSION = YES;
				CLANG_WARN_OBJC_IMPLICIT_RETAIN_SELF = YES;
				CLANG_WARN_OBJC_LITERAL_CONVERSION = YES;
				CLANG_WARN_OBJC_ROOT_CLASS = YES_ERROR;
				CLANG_WARN_RANGE_LOOP_ANALYSIS = YES;
				CLANG_WARN_STRICT_PROTOTYPES = YES;
				CLANG_WARN_SUSPICIOUS_MOVE = YES;
				CLANG_WARN_UNGUARDED_AVAILABILITY = YES_AGGRESSIVE;
				CLANG_WARN_UNREACHABLE_CODE = YES;
				CLANG_WARN__DUPLICATE_METHOD_MATCH = YES;
				COPY_PHASE_STRIP = NO;
				DEBUG_INFORMATION_FORMAT = dwarf;
				ENABLE_STRICT_OBJC_MSGSEND = YES;
				ENABLE_TESTABILITY = YES;
				GCC_C_LANGUAGE_STANDARD = gnu11;
				GCC_DYNAMIC_NO_PIC = NO;
				GCC_NO_COMMON_BLOCKS = YES;
				GCC_OPTIMIZATION_LEVEL = 0;
				GCC_PREPROCESSOR_DEFINITIONS = (
					"DEBUG=1",
					"$(inherited)",
				);
				GCC_WARN_64_TO_32_BIT_CONVERSION = YES;
				GCC_WARN_ABOUT_RETURN_TYPE = YES_ERROR;
				GCC_WARN_UNDECLARED_SELECTOR = YES;
				GCC_WARN_UNINITIALIZED_AUTOS = YES_AGGRESSIVE;
				GCC_WARN_UNUSED_FUNCTION = YES;
				GCC_WARN_UNUSED_VARIABLE = YES;
				IPHONEOS_DEPLOYMENT_TARGET = 13.2;
				MTL_ENABLE_DEBUG_INFO = INCLUDE_SOURCE;
				MTL_FAST_MATH = YES;
				ONLY_ACTIVE_ARCH = YES;
				SDKROOT = iphoneos;
				SWIFT_ACTIVE_COMPILATION_CONDITIONS = DEBUG;
				SWIFT_OPTIMIZATION_LEVEL = "-Onone";
			};
			name = Debug;
		};
		B5BC97C624A9805D002D01B9 /* Release */ = {
			isa = XCBuildConfiguration;
			buildSettings = {
				ALWAYS_SEARCH_USER_PATHS = NO;
				CLANG_ANALYZER_NONNULL = YES;
				CLANG_ANALYZER_NUMBER_OBJECT_CONVERSION = YES_AGGRESSIVE;
				CLANG_CXX_LANGUAGE_STANDARD = "gnu++14";
				CLANG_CXX_LIBRARY = "libc++";
				CLANG_ENABLE_MODULES = YES;
				CLANG_ENABLE_OBJC_ARC = YES;
				CLANG_ENABLE_OBJC_WEAK = YES;
				CLANG_WARN_BLOCK_CAPTURE_AUTORELEASING = YES;
				CLANG_WARN_BOOL_CONVERSION = YES;
				CLANG_WARN_COMMA = YES;
				CLANG_WARN_CONSTANT_CONVERSION = YES;
				CLANG_WARN_DEPRECATED_OBJC_IMPLEMENTATIONS = YES;
				CLANG_WARN_DIRECT_OBJC_ISA_USAGE = YES_ERROR;
				CLANG_WARN_DOCUMENTATION_COMMENTS = YES;
				CLANG_WARN_EMPTY_BODY = YES;
				CLANG_WARN_ENUM_CONVERSION = YES;
				CLANG_WARN_INFINITE_RECURSION = YES;
				CLANG_WARN_INT_CONVERSION = YES;
				CLANG_WARN_NON_LITERAL_NULL_CONVERSION = YES;
				CLANG_WARN_OBJC_IMPLICIT_RETAIN_SELF = YES;
				CLANG_WARN_OBJC_LITERAL_CONVERSION = YES;
				CLANG_WARN_OBJC_ROOT_CLASS = YES_ERROR;
				CLANG_WARN_RANGE_LOOP_ANALYSIS = YES;
				CLANG_WARN_STRICT_PROTOTYPES = YES;
				CLANG_WARN_SUSPICIOUS_MOVE = YES;
				CLANG_WARN_UNGUARDED_AVAILABILITY = YES_AGGRESSIVE;
				CLANG_WARN_UNREACHABLE_CODE = YES;
				CLANG_WARN__DUPLICATE_METHOD_MATCH = YES;
				COPY_PHASE_STRIP = NO;
				DEBUG_INFORMATION_FORMAT = "dwarf-with-dsym";
				ENABLE_NS_ASSERTIONS = NO;
				ENABLE_STRICT_OBJC_MSGSEND = YES;
				GCC_C_LANGUAGE_STANDARD = gnu11;
				GCC_NO_COMMON_BLOCKS = YES;
				GCC_WARN_64_TO_32_BIT_CONVERSION = YES;
				GCC_WARN_ABOUT_RETURN_TYPE = YES_ERROR;
				GCC_WARN_UNDECLARED_SELECTOR = YES;
				GCC_WARN_UNINITIALIZED_AUTOS = YES_AGGRESSIVE;
				GCC_WARN_UNUSED_FUNCTION = YES;
				GCC_WARN_UNUSED_VARIABLE = YES;
				IPHONEOS_DEPLOYMENT_TARGET = 13.2;
				MTL_ENABLE_DEBUG_INFO = NO;
				MTL_FAST_MATH = YES;
				SDKROOT = iphoneos;
				SWIFT_COMPILATION_MODE = wholemodule;
				SWIFT_OPTIMIZATION_LEVEL = "-O";
				VALIDATE_PRODUCT = YES;
			};
			name = Release;
		};
		B5BC97C824A9805D002D01B9 /* Debug */ = {
			isa = XCBuildConfiguration;
			baseConfigurationReference = 8DE39A1D6BCA1445297D0E99 /* Pods-SimpleApp.debug.xcconfig */;
			buildSettings = {
				ASSETCATALOG_COMPILER_APPICON_NAME = AppIcon;
				CODE_SIGN_STYLE = Automatic;
				DEVELOPMENT_TEAM = M82N55553U;
				INFOPLIST_FILE = SimpleApp/Info.plist;
				LD_RUNPATH_SEARCH_PATHS = (
					"$(inherited)",
					"@executable_path/Frameworks",
				);
				PRODUCT_BUNDLE_IDENTIFIER = minjae.SimpleApp;
				PRODUCT_NAME = "$(TARGET_NAME)";
				SWIFT_VERSION = 5.0;
				TARGETED_DEVICE_FAMILY = "1,2";
			};
			name = Debug;
		};
		B5BC97C924A9805D002D01B9 /* Release */ = {
			isa = XCBuildConfiguration;
			baseConfigurationReference = 1408FD2CB52A7673254012C1 /* Pods-SimpleApp.release.xcconfig */;
			buildSettings = {
				ASSETCATALOG_COMPILER_APPICON_NAME = AppIcon;
				CODE_SIGN_STYLE = Automatic;
				DEVELOPMENT_TEAM = M82N55553U;
				INFOPLIST_FILE = SimpleApp/Info.plist;
				LD_RUNPATH_SEARCH_PATHS = (
					"$(inherited)",
					"@executable_path/Frameworks",
				);
				PRODUCT_BUNDLE_IDENTIFIER = minjae.SimpleApp;
				PRODUCT_NAME = "$(TARGET_NAME)";
				SWIFT_VERSION = 5.0;
				TARGETED_DEVICE_FAMILY = "1,2";
			};
			name = Release;
		};
		B5BC97CB24A9805D002D01B9 /* Debug */ = {
			isa = XCBuildConfiguration;
			baseConfigurationReference = A8F72F5786FA1178521FA572 /* Pods-SimpleAppTests.debug.xcconfig */;
			buildSettings = {
				ALWAYS_EMBED_SWIFT_STANDARD_LIBRARIES = YES;
				BUNDLE_LOADER = "$(TEST_HOST)";
				CODE_SIGN_STYLE = Automatic;
				DEVELOPMENT_TEAM = M82N55553U;
				INFOPLIST_FILE = SimpleAppTests/Info.plist;
				IPHONEOS_DEPLOYMENT_TARGET = 13.2;
				LD_RUNPATH_SEARCH_PATHS = (
					"$(inherited)",
					"@executable_path/Frameworks",
					"@loader_path/Frameworks",
				);
				PRODUCT_BUNDLE_IDENTIFIER = minjae.SimpleAppTests;
				PRODUCT_NAME = "$(TARGET_NAME)";
				SWIFT_VERSION = 5.0;
				TARGETED_DEVICE_FAMILY = "1,2";
				TEST_HOST = "$(BUILT_PRODUCTS_DIR)/SimpleApp.app/SimpleApp";
			};
			name = Debug;
		};
		B5BC97CC24A9805D002D01B9 /* Release */ = {
			isa = XCBuildConfiguration;
			baseConfigurationReference = 8A8E04CF1E3F1E2893BE2161 /* Pods-SimpleAppTests.release.xcconfig */;
			buildSettings = {
				ALWAYS_EMBED_SWIFT_STANDARD_LIBRARIES = YES;
				BUNDLE_LOADER = "$(TEST_HOST)";
				CODE_SIGN_STYLE = Automatic;
				DEVELOPMENT_TEAM = M82N55553U;
				INFOPLIST_FILE = SimpleAppTests/Info.plist;
				IPHONEOS_DEPLOYMENT_TARGET = 13.2;
				LD_RUNPATH_SEARCH_PATHS = (
					"$(inherited)",
					"@executable_path/Frameworks",
					"@loader_path/Frameworks",
				);
				PRODUCT_BUNDLE_IDENTIFIER = minjae.SimpleAppTests;
				PRODUCT_NAME = "$(TARGET_NAME)";
				SWIFT_VERSION = 5.0;
				TARGETED_DEVICE_FAMILY = "1,2";
				TEST_HOST = "$(BUILT_PRODUCTS_DIR)/SimpleApp.app/SimpleApp";
			};
			name = Release;
		};
		B5BC97CE24A9805D002D01B9 /* Debug */ = {
			isa = XCBuildConfiguration;
			baseConfigurationReference = 0B2534BCB8DB880992770CA1 /* Pods-SimpleApp-SimpleAppUITests.debug.xcconfig */;
			buildSettings = {
				ALWAYS_EMBED_SWIFT_STANDARD_LIBRARIES = YES;
				CODE_SIGN_STYLE = Automatic;
				DEVELOPMENT_TEAM = M82N55553U;
				INFOPLIST_FILE = SimpleAppUITests/Info.plist;
				LD_RUNPATH_SEARCH_PATHS = (
					"$(inherited)",
					"@executable_path/Frameworks",
					"@loader_path/Frameworks",
				);
				PRODUCT_BUNDLE_IDENTIFIER = minjae.SimpleAppUITests;
				PRODUCT_NAME = "$(TARGET_NAME)";
				SWIFT_VERSION = 5.0;
				TARGETED_DEVICE_FAMILY = "1,2";
				TEST_TARGET_NAME = SimpleApp;
			};
			name = Debug;
		};
		B5BC97CF24A9805D002D01B9 /* Release */ = {
			isa = XCBuildConfiguration;
			baseConfigurationReference = 7DA17913925607B0C17709FA /* Pods-SimpleApp-SimpleAppUITests.release.xcconfig */;
			buildSettings = {
				ALWAYS_EMBED_SWIFT_STANDARD_LIBRARIES = YES;
				CODE_SIGN_STYLE = Automatic;
				DEVELOPMENT_TEAM = M82N55553U;
				INFOPLIST_FILE = SimpleAppUITests/Info.plist;
				LD_RUNPATH_SEARCH_PATHS = (
					"$(inherited)",
					"@executable_path/Frameworks",
					"@loader_path/Frameworks",
				);
				PRODUCT_BUNDLE_IDENTIFIER = minjae.SimpleAppUITests;
				PRODUCT_NAME = "$(TARGET_NAME)";
				SWIFT_VERSION = 5.0;
				TARGETED_DEVICE_FAMILY = "1,2";
				TEST_TARGET_NAME = SimpleApp;
			};
			name = Release;
		};
/* End XCBuildConfiguration section */

/* Begin XCConfigurationList section */
		B5BC979824A9805B002D01B9 /* Build configuration list for PBXProject "SimpleApp" */ = {
			isa = XCConfigurationList;
			buildConfigurations = (
				B5BC97C524A9805D002D01B9 /* Debug */,
				B5BC97C624A9805D002D01B9 /* Release */,
			);
			defaultConfigurationIsVisible = 0;
			defaultConfigurationName = Release;
		};
		B5BC97C724A9805D002D01B9 /* Build configuration list for PBXNativeTarget "SimpleApp" */ = {
			isa = XCConfigurationList;
			buildConfigurations = (
				B5BC97C824A9805D002D01B9 /* Debug */,
				B5BC97C924A9805D002D01B9 /* Release */,
			);
			defaultConfigurationIsVisible = 0;
			defaultConfigurationName = Release;
		};
		B5BC97CA24A9805D002D01B9 /* Build configuration list for PBXNativeTarget "SimpleAppTests" */ = {
			isa = XCConfigurationList;
			buildConfigurations = (
				B5BC97CB24A9805D002D01B9 /* Debug */,
				B5BC97CC24A9805D002D01B9 /* Release */,
			);
			defaultConfigurationIsVisible = 0;
			defaultConfigurationName = Release;
		};
		B5BC97CD24A9805D002D01B9 /* Build configuration list for PBXNativeTarget "SimpleAppUITests" */ = {
			isa = XCConfigurationList;
			buildConfigurations = (
				B5BC97CE24A9805D002D01B9 /* Debug */,
				B5BC97CF24A9805D002D01B9 /* Release */,
			);
			defaultConfigurationIsVisible = 0;
			defaultConfigurationName = Release;
		};
/* End XCConfigurationList section */
	};
	rootObject = B5BC979524A9805B002D01B9 /* Project object */;
}
